
Microsoft Visual Studio Solution File, Format Version 12.00
# Visual Studio Version 17
VisualStudioVersion = 17.5.33530.505
MinimumVisualStudioVersion = 10.0.40219.1
Project("{9A19103F-16F7-4668-BE54-9A1E7A4F7556}") = "GraduationTarget", "GraduationTarget\GraduationTarget.csproj", "{BC3A0410-78A5-4066-A943-AD29FE24B142}"
EndProject
Project("{9A19103F-16F7-4668-BE54-9A1E7A4F7556}") = "G_DAL", "G_DAL\G_DAL.csproj", "{4E6DE486-8DE1-45C3-948F-54EE5FD9FAE7}"
EndProject
Project("{FAE04EC0-301F-11D3-BF4B-00C04F79EFBC}") = "G_Service", "G_Service\G_Service.csproj", "{0C7BF92C-EDEE-4701-B3AC-70E76C5AB86B}"
EndProject
Global
	GlobalSection(SolutionConfigurationPlatforms) = preSolution
		Debug|Any CPU = Debug|Any CPU
		Release|Any CPU = Release|Any CPU
	EndGlobalSection
	GlobalSection(ProjectConfigurationPlatforms) = postSolution
		{BC3A0410-78A5-4066-A943-AD29FE24B142}.Debug|Any CPU.ActiveCfg = Debug|Any CPU
		{BC3A0410-78A5-4066-A943-AD29FE24B142}.Debug|Any CPU.Build.0 = Debug|Any CPU
		{BC3A0410-78A5-4066-A943-AD29FE24B142}.Release|Any CPU.ActiveCfg = Release|Any CPU
		{BC3A0410-78A5-4066-A943-AD29FE24B142}.Release|Any CPU.Build.0 = Release|Any CPU
		{4E6DE486-8DE1-45C3-948F-54EE5FD9FAE7}.Debug|Any CPU.ActiveCfg = Debug|Any CPU
		{4E6DE486-8DE1-45C3-948F-54EE5FD9FAE7}.Debug|Any CPU.Build.0 = Debug|Any CPU
		{4E6DE486-8DE1-45C3-948F-54EE5FD9FAE7}.Release|Any CPU.ActiveCfg = Release|Any CPU
		{4E6DE486-8DE1-45C3-948F-54EE5FD9FAE7}.Release|Any CPU.Build.0 = Release|Any CPU
		{0C7BF92C-EDEE-4701-B3AC-70E76C5AB86B}.Debug|Any CPU.ActiveCfg = Debug|Any CPU
		{0C7BF92C-EDEE-4701-B3AC-70E76C5AB86B}.Debug|Any CPU.Build.0 = Debug|Any CPU
		{0C7BF92C-EDEE-4701-B3AC-70E76C5AB86B}.Release|Any CPU.ActiveCfg = Release|Any CPU
		{0C7BF92C-EDEE-4701-B3AC-70E76C5AB86B}.Release|Any CPU.Build.0 = Release|Any CPU
	EndGlobalSection
	GlobalSection(SolutionProperties) = preSolution
		HideSolutionNode = FALSE
	EndGlobalSection
	GlobalSection(ExtensibilityGlobals) = postSolution
		SolutionGuid = {897C8C82-A0A6-4E7D-93D6-5EBF8E34E10E}
	EndGlobalSection
EndGlobal
